
Microsoft Visual Studio Solution File, Format Version 12.00
# Visual Studio Version 16
VisualStudioVersion = 16.0.31205.134
MinimumVisualStudioVersion = 10.0.40219.1
Project("{9A19103F-16F7-4668-BE54-9A1E7A4F7556}") = "ConsultaUserApi", "ConsultaUserApi\ConsultaUserApi.csproj", "{86228E54-C57C-4731-9E78-306F72902F32}"
EndProject
Project("{9A19103F-16F7-4668-BE54-9A1E7A4F7556}") = "Domain", "Domain\Domain.csproj", "{2B27D23B-2711-44F1-B8F7-1E9F81D2C075}"
EndProject
Project("{9A19103F-16F7-4668-BE54-9A1E7A4F7556}") = "Infra", "Infra\Infra.csproj", "{37BA0BD9-0F1A-4D07-8B90-5472FB1861CD}"
EndProject
Project("{9A19103F-16F7-4668-BE54-9A1E7A4F7556}") = "Application", "Application\Application.csproj", "{D36148E7-920F-4877-BB15-5A1A35625B71}"
EndProject
Project("{FAE04EC0-301F-11D3-BF4B-00C04F79EFBC}") = "TestConsultaUserApi", "TestConsultaUserApi\TestConsultaUserApi.csproj", "{AB8F380F-FC56-46FB-A604-7FDFFEB3BDB9}"
EndProject
Global
	GlobalSection(SolutionConfigurationPlatforms) = preSolution
		Debug|Any CPU = Debug|Any CPU
		Release|Any CPU = Release|Any CPU
	EndGlobalSection
	GlobalSection(ProjectConfigurationPlatforms) = postSolution
		{86228E54-C57C-4731-9E78-306F72902F32}.Debug|Any CPU.ActiveCfg = Debug|Any CPU
		{86228E54-C57C-4731-9E78-306F72902F32}.Debug|Any CPU.Build.0 = Debug|Any CPU
		{86228E54-C57C-4731-9E78-306F72902F32}.Release|Any CPU.ActiveCfg = Release|Any CPU
		{86228E54-C57C-4731-9E78-306F72902F32}.Release|Any CPU.Build.0 = Release|Any CPU
		{2B27D23B-2711-44F1-B8F7-1E9F81D2C075}.Debug|Any CPU.ActiveCfg = Debug|Any CPU
		{2B27D23B-2711-44F1-B8F7-1E9F81D2C075}.Debug|Any CPU.Build.0 = Debug|Any CPU
		{2B27D23B-2711-44F1-B8F7-1E9F81D2C075}.Release|Any CPU.ActiveCfg = Release|Any CPU
		{2B27D23B-2711-44F1-B8F7-1E9F81D2C075}.Release|Any CPU.Build.0 = Release|Any CPU
		{37BA0BD9-0F1A-4D07-8B90-5472FB1861CD}.Debug|Any CPU.ActiveCfg = Debug|Any CPU
		{37BA0BD9-0F1A-4D07-8B90-5472FB1861CD}.Debug|Any CPU.Build.0 = Debug|Any CPU
		{37BA0BD9-0F1A-4D07-8B90-5472FB1861CD}.Release|Any CPU.ActiveCfg = Release|Any CPU
		{37BA0BD9-0F1A-4D07-8B90-5472FB1861CD}.Release|Any CPU.Build.0 = Release|Any CPU
		{D36148E7-920F-4877-BB15-5A1A35625B71}.Debug|Any CPU.ActiveCfg = Debug|Any CPU
		{D36148E7-920F-4877-BB15-5A1A35625B71}.Debug|Any CPU.Build.0 = Debug|Any CPU
		{D36148E7-920F-4877-BB15-5A1A35625B71}.Release|Any CPU.ActiveCfg = Release|Any CPU
		{D36148E7-920F-4877-BB15-5A1A35625B71}.Release|Any CPU.Build.0 = Release|Any CPU
		{AB8F380F-FC56-46FB-A604-7FDFFEB3BDB9}.Debug|Any CPU.ActiveCfg = Debug|Any CPU
		{AB8F380F-FC56-46FB-A604-7FDFFEB3BDB9}.Debug|Any CPU.Build.0 = Debug|Any CPU
		{AB8F380F-FC56-46FB-A604-7FDFFEB3BDB9}.Release|Any CPU.ActiveCfg = Release|Any CPU
		{AB8F380F-FC56-46FB-A604-7FDFFEB3BDB9}.Release|Any CPU.Build.0 = Release|Any CPU
	EndGlobalSection
	GlobalSection(SolutionProperties) = preSolution
		HideSolutionNode = FALSE
	EndGlobalSection
	GlobalSection(ExtensibilityGlobals) = postSolution
		SolutionGuid = {CD6B4BF1-326C-411A-AC5A-EB6FABBEC986}
	EndGlobalSection
EndGlobal
